
Microsoft Visual Studio Solution File, Format Version 12.00
# Visual Studio Version 16
VisualStudioVersion = 16.0.29806.167
MinimumVisualStudioVersion = 10.0.40219.1
Project("{FAE04EC0-301F-11D3-BF4B-00C04F79EFBC}") = "TennisApp", "TennisApp\TennisApp.csproj", "{934B4A10-13FF-4A84-ADD6-CF183F7E9901}"
EndProject
Global
	GlobalSection(SolutionConfigurationPlatforms) = preSolution
		Debug|Any CPU = Debug|Any CPU
		Release|Any CPU = Release|Any CPU
	EndGlobalSection
	GlobalSection(ProjectConfigurationPlatforms) = postSolution
		{934B4A10-13FF-4A84-ADD6-CF183F7E9901}.Debug|Any CPU.ActiveCfg = Debug|Any CPU
		{934B4A10-13FF-4A84-ADD6-CF183F7E9901}.Debug|Any CPU.Build.0 = Debug|Any CPU
		{934B4A10-13FF-4A84-ADD6-CF183F7E9901}.Release|Any CPU.ActiveCfg = Release|Any CPU
		{934B4A10-13FF-4A84-ADD6-CF183F7E9901}.Release|Any CPU.Build.0 = Release|Any CPU
	EndGlobalSection
	GlobalSection(SolutionProperties) = preSolution
		HideSolutionNode = FALSE
	EndGlobalSection
	GlobalSection(ExtensibilityGlobals) = postSolution
		SolutionGuid = {F78BC818-4BC3-4140-883E-8203E7C0249F}
	EndGlobalSection
EndGlobal
